
Microsoft Visual Studio Solution File, Format Version 12.00
# Visual Studio Version 16
VisualStudioVersion = 16.0.31727.386
MinimumVisualStudioVersion = 10.0.40219.1
Project("{8BC9CEB8-8B4A-11D0-8D11-00A0C91BC942}") = "EjercicioExtra2_LDLC", "EjercicioExtra2_LDLC.vcxproj", "{FAB3DCE6-10CD-48EA-A2C9-430DADEFBF2A}"
EndProject
Global
	GlobalSection(SolutionConfigurationPlatforms) = preSolution
		Debug|x64 = Debug|x64
		Debug|x86 = Debug|x86
		Release|x64 = Release|x64
		Release|x86 = Release|x86
	EndGlobalSection
	GlobalSection(ProjectConfigurationPlatforms) = postSolution
		{FAB3DCE6-10CD-48EA-A2C9-430DADEFBF2A}.Debug|x64.ActiveCfg = Debug|x64
		{FAB3DCE6-10CD-48EA-A2C9-430DADEFBF2A}.Debug|x64.Build.0 = Debug|x64
		{FAB3DCE6-10CD-48EA-A2C9-430DADEFBF2A}.Debug|x86.ActiveCfg = Debug|Win32
		{FAB3DCE6-10CD-48EA-A2C9-430DADEFBF2A}.Debug|x86.Build.0 = Debug|Win32
		{FAB3DCE6-10CD-48EA-A2C9-430DADEFBF2A}.Release|x64.ActiveCfg = Release|x64
		{FAB3DCE6-10CD-48EA-A2C9-430DADEFBF2A}.Release|x64.Build.0 = Release|x64
		{FAB3DCE6-10CD-48EA-A2C9-430DADEFBF2A}.Release|x86.ActiveCfg = Release|Win32
		{FAB3DCE6-10CD-48EA-A2C9-430DADEFBF2A}.Release|x86.Build.0 = Release|Win32
	EndGlobalSection
	GlobalSection(SolutionProperties) = preSolution
		HideSolutionNode = FALSE
	EndGlobalSection
	GlobalSection(ExtensibilityGlobals) = postSolution
		SolutionGuid = {69EE0B57-8978-4BA6-9E70-05D8CA4DA5F5}
	EndGlobalSection
EndGlobal
